
Microsoft Visual Studio Solution File, Format Version 12.00
# Visual Studio Version 17
VisualStudioVersion = 17.9.34902.65
MinimumVisualStudioVersion = 10.0.40219.1
Project("{FAE04EC0-301F-11D3-BF4B-00C04F79EFBC}") = "SignalR-Chat", "SignalR-Chat\SignalR-Chat.csproj", "{A548C746-2D86-469B-B5CC-C33A2391D2D4}"
EndProject
Global
	GlobalSection(SolutionConfigurationPlatforms) = preSolution
		Debug|Any CPU = Debug|Any CPU
		Release|Any CPU = Release|Any CPU
	EndGlobalSection
	GlobalSection(ProjectConfigurationPlatforms) = postSolution
		{A548C746-2D86-469B-B5CC-C33A2391D2D4}.Debug|Any CPU.ActiveCfg = Debug|Any CPU
		{A548C746-2D86-469B-B5CC-C33A2391D2D4}.Debug|Any CPU.Build.0 = Debug|Any CPU
		{A548C746-2D86-469B-B5CC-C33A2391D2D4}.Release|Any CPU.ActiveCfg = Release|Any CPU
		{A548C746-2D86-469B-B5CC-C33A2391D2D4}.Release|Any CPU.Build.0 = Release|Any CPU
	EndGlobalSection
	GlobalSection(SolutionProperties) = preSolution
		HideSolutionNode = FALSE
	EndGlobalSection
	GlobalSection(ExtensibilityGlobals) = postSolution
		SolutionGuid = {EFF84350-D1C4-4D94-8CFD-4BDAD5A126ED}
	EndGlobalSection
EndGlobal
